
Microsoft Visual Studio Solution File, Format Version 12.00
# Visual Studio Version 17
VisualStudioVersion = 17.4.33213.308
MinimumVisualStudioVersion = 10.0.40219.1
Project("{FAE04EC0-301F-11D3-BF4B-00C04F79EFBC}") = "Calculadora.Android", "Calculadora\Calculadora.Android\Calculadora.Android.csproj", "{50B962C0-3744-461A-AC3D-0201F059EF34}"
EndProject
Project("{FAE04EC0-301F-11D3-BF4B-00C04F79EFBC}") = "Calculadora.iOS", "Calculadora\Calculadora.iOS\Calculadora.iOS.csproj", "{3942BB3C-93BF-401D-A1C3-65299DEA4BF3}"
EndProject
Project("{FAE04EC0-301F-11D3-BF4B-00C04F79EFBC}") = "Calculadora", "Calculadora\Calculadora\Calculadora.csproj", "{0A893540-B85F-417A-A31A-DDFC40CF41FD}"
EndProject
Global
	GlobalSection(SolutionConfigurationPlatforms) = preSolution
		Debug|Any CPU = Debug|Any CPU
		Debug|iPhone = Debug|iPhone
		Debug|iPhoneSimulator = Debug|iPhoneSimulator
		Release|Any CPU = Release|Any CPU
		Release|iPhone = Release|iPhone
		Release|iPhoneSimulator = Release|iPhoneSimulator
	EndGlobalSection
	GlobalSection(ProjectConfigurationPlatforms) = postSolution
		{50B962C0-3744-461A-AC3D-0201F059EF34}.Debug|Any CPU.ActiveCfg = Debug|Any CPU
		{50B962C0-3744-461A-AC3D-0201F059EF34}.Debug|Any CPU.Build.0 = Debug|Any CPU
		{50B962C0-3744-461A-AC3D-0201F059EF34}.Debug|Any CPU.Deploy.0 = Debug|Any CPU
		{50B962C0-3744-461A-AC3D-0201F059EF34}.Debug|iPhone.ActiveCfg = Debug|Any CPU
		{50B962C0-3744-461A-AC3D-0201F059EF34}.Debug|iPhone.Build.0 = Debug|Any CPU
		{50B962C0-3744-461A-AC3D-0201F059EF34}.Debug|iPhone.Deploy.0 = Debug|Any CPU
		{50B962C0-3744-461A-AC3D-0201F059EF34}.Debug|iPhoneSimulator.ActiveCfg = Debug|Any CPU
		{50B962C0-3744-461A-AC3D-0201F059EF34}.Debug|iPhoneSimulator.Build.0 = Debug|Any CPU
		{50B962C0-3744-461A-AC3D-0201F059EF34}.Debug|iPhoneSimulator.Deploy.0 = Debug|Any CPU
		{50B962C0-3744-461A-AC3D-0201F059EF34}.Release|Any CPU.ActiveCfg = Release|Any CPU
		{50B962C0-3744-461A-AC3D-0201F059EF34}.Release|Any CPU.Build.0 = Release|Any CPU
		{50B962C0-3744-461A-AC3D-0201F059EF34}.Release|Any CPU.Deploy.0 = Release|Any CPU
		{50B962C0-3744-461A-AC3D-0201F059EF34}.Release|iPhone.ActiveCfg = Release|Any CPU
		{50B962C0-3744-461A-AC3D-0201F059EF34}.Release|iPhone.Build.0 = Release|Any CPU
		{50B962C0-3744-461A-AC3D-0201F059EF34}.Release|iPhone.Deploy.0 = Release|Any CPU
		{50B962C0-3744-461A-AC3D-0201F059EF34}.Release|iPhoneSimulator.ActiveCfg = Release|Any CPU
		{50B962C0-3744-461A-AC3D-0201F059EF34}.Release|iPhoneSimulator.Build.0 = Release|Any CPU
		{50B962C0-3744-461A-AC3D-0201F059EF34}.Release|iPhoneSimulator.Deploy.0 = Release|Any CPU
		{3942BB3C-93BF-401D-A1C3-65299DEA4BF3}.Debug|Any CPU.ActiveCfg = Debug|iPhone
		{3942BB3C-93BF-401D-A1C3-65299DEA4BF3}.Debug|Any CPU.Build.0 = Debug|iPhone
		{3942BB3C-93BF-401D-A1C3-65299DEA4BF3}.Debug|Any CPU.Deploy.0 = Debug|iPhone
		{3942BB3C-93BF-401D-A1C3-65299DEA4BF3}.Debug|iPhone.ActiveCfg = Debug|iPhone
		{3942BB3C-93BF-401D-A1C3-65299DEA4BF3}.Debug|iPhone.Build.0 = Debug|iPhone
		{3942BB3C-93BF-401D-A1C3-65299DEA4BF3}.Debug|iPhone.Deploy.0 = Debug|iPhone
		{3942BB3C-93BF-401D-A1C3-65299DEA4BF3}.Debug|iPhoneSimulator.ActiveCfg = Debug|iPhoneSimulator
		{3942BB3C-93BF-401D-A1C3-65299DEA4BF3}.Debug|iPhoneSimulator.Build.0 = Debug|iPhoneSimulator
		{3942BB3C-93BF-401D-A1C3-65299DEA4BF3}.Debug|iPhoneSimulator.Deploy.0 = Debug|iPhoneSimulator
		{3942BB3C-93BF-401D-A1C3-65299DEA4BF3}.Release|Any CPU.ActiveCfg = Release|iPhoneSimulator
		{3942BB3C-93BF-401D-A1C3-65299DEA4BF3}.Release|Any CPU.Build.0 = Release|iPhoneSimulator
		{3942BB3C-93BF-401D-A1C3-65299DEA4BF3}.Release|Any CPU.Deploy.0 = Release|iPhoneSimulator
		{3942BB3C-93BF-401D-A1C3-65299DEA4BF3}.Release|iPhone.ActiveCfg = Release|iPhone
		{3942BB3C-93BF-401D-A1C3-65299DEA4BF3}.Release|iPhone.Build.0 = Release|iPhone
		{3942BB3C-93BF-401D-A1C3-65299DEA4BF3}.Release|iPhone.Deploy.0 = Release|iPhone
		{3942BB3C-93BF-401D-A1C3-65299DEA4BF3}.Release|iPhoneSimulator.ActiveCfg = Release|iPhoneSimulator
		{3942BB3C-93BF-401D-A1C3-65299DEA4BF3}.Release|iPhoneSimulator.Build.0 = Release|iPhoneSimulator
		{3942BB3C-93BF-401D-A1C3-65299DEA4BF3}.Release|iPhoneSimulator.Deploy.0 = Release|iPhoneSimulator
		{0A893540-B85F-417A-A31A-DDFC40CF41FD}.Debug|Any CPU.ActiveCfg = Debug|Any CPU
		{0A893540-B85F-417A-A31A-DDFC40CF41FD}.Debug|Any CPU.Build.0 = Debug|Any CPU
		{0A893540-B85F-417A-A31A-DDFC40CF41FD}.Debug|Any CPU.Deploy.0 = Debug|Any CPU
		{0A893540-B85F-417A-A31A-DDFC40CF41FD}.Debug|iPhone.ActiveCfg = Debug|Any CPU
		{0A893540-B85F-417A-A31A-DDFC40CF41FD}.Debug|iPhone.Build.0 = Debug|Any CPU
		{0A893540-B85F-417A-A31A-DDFC40CF41FD}.Debug|iPhone.Deploy.0 = Debug|Any CPU
		{0A893540-B85F-417A-A31A-DDFC40CF41FD}.Debug|iPhoneSimulator.ActiveCfg = Debug|Any CPU
		{0A893540-B85F-417A-A31A-DDFC40CF41FD}.Debug|iPhoneSimulator.Build.0 = Debug|Any CPU
		{0A893540-B85F-417A-A31A-DDFC40CF41FD}.Debug|iPhoneSimulator.Deploy.0 = Debug|Any CPU
		{0A893540-B85F-417A-A31A-DDFC40CF41FD}.Release|Any CPU.ActiveCfg = Release|Any CPU
		{0A893540-B85F-417A-A31A-DDFC40CF41FD}.Release|Any CPU.Build.0 = Release|Any CPU
		{0A893540-B85F-417A-A31A-DDFC40CF41FD}.Release|Any CPU.Deploy.0 = Release|Any CPU
		{0A893540-B85F-417A-A31A-DDFC40CF41FD}.Release|iPhone.ActiveCfg = Release|Any CPU
		{0A893540-B85F-417A-A31A-DDFC40CF41FD}.Release|iPhone.Build.0 = Release|Any CPU
		{0A893540-B85F-417A-A31A-DDFC40CF41FD}.Release|iPhone.Deploy.0 = Release|Any CPU
		{0A893540-B85F-417A-A31A-DDFC40CF41FD}.Release|iPhoneSimulator.ActiveCfg = Release|Any CPU
		{0A893540-B85F-417A-A31A-DDFC40CF41FD}.Release|iPhoneSimulator.Build.0 = Release|Any CPU
		{0A893540-B85F-417A-A31A-DDFC40CF41FD}.Release|iPhoneSimulator.Deploy.0 = Release|Any CPU
	EndGlobalSection
	GlobalSection(SolutionProperties) = preSolution
		HideSolutionNode = FALSE
	EndGlobalSection
	GlobalSection(ExtensibilityGlobals) = postSolution
		SolutionGuid = {B8913AEE-9303-4F04-A0AF-03A744E30783}
	EndGlobalSection
EndGlobal
